
Microsoft Visual Studio Solution File, Format Version 12.00
# Visual Studio Version 17
VisualStudioVersion = 17.9.34622.214
MinimumVisualStudioVersion = 10.0.40219.1
Project("{9A19103F-16F7-4668-BE54-9A1E7A4F7556}") = "GeodeSecretMissionRevives", "GeodeSecretMissionRevives.csproj", "{830B6204-E7F1-4850-930C-B5D2FC39C18C}"
EndProject
Global
	GlobalSection(SolutionConfigurationPlatforms) = preSolution
		Debug|Any CPU = Debug|Any CPU
		Release|Any CPU = Release|Any CPU
	EndGlobalSection
	GlobalSection(ProjectConfigurationPlatforms) = postSolution
		{830B6204-E7F1-4850-930C-B5D2FC39C18C}.Debug|Any CPU.ActiveCfg = Debug|Any CPU
		{830B6204-E7F1-4850-930C-B5D2FC39C18C}.Debug|Any CPU.Build.0 = Debug|Any CPU
		{830B6204-E7F1-4850-930C-B5D2FC39C18C}.Release|Any CPU.ActiveCfg = Release|Any CPU
		{830B6204-E7F1-4850-930C-B5D2FC39C18C}.Release|Any CPU.Build.0 = Release|Any CPU
	EndGlobalSection
	GlobalSection(SolutionProperties) = preSolution
		HideSolutionNode = FALSE
	EndGlobalSection
	GlobalSection(ExtensibilityGlobals) = postSolution
		SolutionGuid = {E49967E5-29A8-464F-9910-CE2739D64AE0}
	EndGlobalSection
EndGlobal
