
Microsoft Visual Studio Solution File, Format Version 12.00
# Visual Studio Version 17
VisualStudioVersion = 17.8.34322.80
MinimumVisualStudioVersion = 10.0.40219.1
Project("{9A19103F-16F7-4668-BE54-9A1E7A4F7556}") = "Experimental", "Experimental.csproj", "{B7FB4EF6-A79D-4CDF-8C50-070446C3A294}"
EndProject
Global
	GlobalSection(SolutionConfigurationPlatforms) = preSolution
		Debug|Any CPU = Debug|Any CPU
		Release|Any CPU = Release|Any CPU
	EndGlobalSection
	GlobalSection(ProjectConfigurationPlatforms) = postSolution
		{B7FB4EF6-A79D-4CDF-8C50-070446C3A294}.Debug|Any CPU.ActiveCfg = Debug|Any CPU
		{B7FB4EF6-A79D-4CDF-8C50-070446C3A294}.Debug|Any CPU.Build.0 = Debug|Any CPU
		{B7FB4EF6-A79D-4CDF-8C50-070446C3A294}.Release|Any CPU.ActiveCfg = Release|Any CPU
		{B7FB4EF6-A79D-4CDF-8C50-070446C3A294}.Release|Any CPU.Build.0 = Release|Any CPU
	EndGlobalSection
	GlobalSection(SolutionProperties) = preSolution
		HideSolutionNode = FALSE
	EndGlobalSection
	GlobalSection(ExtensibilityGlobals) = postSolution
		SolutionGuid = {580260C7-744B-494B-A453-BFF5C5C8F202}
	EndGlobalSection
EndGlobal
